
Microsoft Visual Studio Solution File, Format Version 12.00
# Visual Studio Version 16
VisualStudioVersion = 16.0.30804.86
MinimumVisualStudioVersion = 10.0.40219.1
Project("{9A19103F-16F7-4668-BE54-9A1E7A4F7556}") = "ShopBook", "ShopBook\ShopBook.csproj", "{FA83CEF9-6D95-4FBE-A0CE-F8A726B36AF1}"
EndProject
Project("{2150E333-8FDC-42A3-9474-1A3956D46DE8}") = "infostructure", "infostructure", "{4A9197E7-B6F8-48E7-A225-37AE04B0B872}"
EndProject
Project("{9A19103F-16F7-4668-BE54-9A1E7A4F7556}") = "Store.Memory", "infostructure\ClassLibrary1\Store.Memory.csproj", "{5CBF035A-FC6C-4E9F-B58C-48FED56724FE}"
EndProject
Project("{2150E333-8FDC-42A3-9474-1A3956D46DE8}") = "Domain", "Domain", "{72C3EAC7-BB86-4006-AF24-78AD226B9B27}"
EndProject
Project("{2150E333-8FDC-42A3-9474-1A3956D46DE8}") = "presentation", "presentation", "{32716955-BE95-4AF7-BF57-5B279ABD6442}"
EndProject
Project("{9A19103F-16F7-4668-BE54-9A1E7A4F7556}") = "StoreBook.Web", "presentation\StoreBook.Web\StoreBook.Web.csproj", "{03E3E996-119D-45D4-B99E-23682344FC07}"
EndProject
Project("{9A19103F-16F7-4668-BE54-9A1E7A4F7556}") = "Tests", "Tests\Tests.csproj", "{04F45C0E-9E41-4942-BEF7-8706832AEC76}"
EndProject
Project("{9A19103F-16F7-4668-BE54-9A1E7A4F7556}") = "Store.Web.Contractors", "presentation\Store.Web.Contractors\Store.Web.Contractors.csproj", "{4C8D3F9D-5209-4C70-8DF6-32A5C4A98E4F}"
EndProject
Project("{2150E333-8FDC-42A3-9474-1A3956D46DE8}") = "plugins", "plugins", "{7F510B4C-115E-46DE-B4DC-B7B985B05BDA}"
EndProject
Project("{9A19103F-16F7-4668-BE54-9A1E7A4F7556}") = "Store.Contractors.YandexKassa", "plugins\Store.Contractors.YandexKassa\Store.Contractors.YandexKassa.csproj", "{9B3B1ACA-D655-4785-BF38-904E726815BB}"
EndProject
Global
	GlobalSection(SolutionConfigurationPlatforms) = preSolution
		Debug|Any CPU = Debug|Any CPU
		Release|Any CPU = Release|Any CPU
	EndGlobalSection
	GlobalSection(ProjectConfigurationPlatforms) = postSolution
		{FA83CEF9-6D95-4FBE-A0CE-F8A726B36AF1}.Debug|Any CPU.ActiveCfg = Debug|Any CPU
		{FA83CEF9-6D95-4FBE-A0CE-F8A726B36AF1}.Debug|Any CPU.Build.0 = Debug|Any CPU
		{FA83CEF9-6D95-4FBE-A0CE-F8A726B36AF1}.Release|Any CPU.ActiveCfg = Release|Any CPU
		{FA83CEF9-6D95-4FBE-A0CE-F8A726B36AF1}.Release|Any CPU.Build.0 = Release|Any CPU
		{5CBF035A-FC6C-4E9F-B58C-48FED56724FE}.Debug|Any CPU.ActiveCfg = Debug|Any CPU
		{5CBF035A-FC6C-4E9F-B58C-48FED56724FE}.Debug|Any CPU.Build.0 = Debug|Any CPU
		{5CBF035A-FC6C-4E9F-B58C-48FED56724FE}.Release|Any CPU.ActiveCfg = Release|Any CPU
		{5CBF035A-FC6C-4E9F-B58C-48FED56724FE}.Release|Any CPU.Build.0 = Release|Any CPU
		{03E3E996-119D-45D4-B99E-23682344FC07}.Debug|Any CPU.ActiveCfg = Debug|Any CPU
		{03E3E996-119D-45D4-B99E-23682344FC07}.Debug|Any CPU.Build.0 = Debug|Any CPU
		{03E3E996-119D-45D4-B99E-23682344FC07}.Release|Any CPU.ActiveCfg = Release|Any CPU
		{03E3E996-119D-45D4-B99E-23682344FC07}.Release|Any CPU.Build.0 = Release|Any CPU
		{04F45C0E-9E41-4942-BEF7-8706832AEC76}.Debug|Any CPU.ActiveCfg = Debug|Any CPU
		{04F45C0E-9E41-4942-BEF7-8706832AEC76}.Debug|Any CPU.Build.0 = Debug|Any CPU
		{04F45C0E-9E41-4942-BEF7-8706832AEC76}.Release|Any CPU.ActiveCfg = Release|Any CPU
		{04F45C0E-9E41-4942-BEF7-8706832AEC76}.Release|Any CPU.Build.0 = Release|Any CPU
		{4C8D3F9D-5209-4C70-8DF6-32A5C4A98E4F}.Debug|Any CPU.ActiveCfg = Debug|Any CPU
		{4C8D3F9D-5209-4C70-8DF6-32A5C4A98E4F}.Debug|Any CPU.Build.0 = Debug|Any CPU
		{4C8D3F9D-5209-4C70-8DF6-32A5C4A98E4F}.Release|Any CPU.ActiveCfg = Release|Any CPU
		{4C8D3F9D-5209-4C70-8DF6-32A5C4A98E4F}.Release|Any CPU.Build.0 = Release|Any CPU
		{9B3B1ACA-D655-4785-BF38-904E726815BB}.Debug|Any CPU.ActiveCfg = Debug|Any CPU
		{9B3B1ACA-D655-4785-BF38-904E726815BB}.Debug|Any CPU.Build.0 = Debug|Any CPU
		{9B3B1ACA-D655-4785-BF38-904E726815BB}.Release|Any CPU.ActiveCfg = Release|Any CPU
		{9B3B1ACA-D655-4785-BF38-904E726815BB}.Release|Any CPU.Build.0 = Release|Any CPU
	EndGlobalSection
	GlobalSection(SolutionProperties) = preSolution
		HideSolutionNode = FALSE
	EndGlobalSection
	GlobalSection(NestedProjects) = preSolution
		{FA83CEF9-6D95-4FBE-A0CE-F8A726B36AF1} = {72C3EAC7-BB86-4006-AF24-78AD226B9B27}
		{5CBF035A-FC6C-4E9F-B58C-48FED56724FE} = {4A9197E7-B6F8-48E7-A225-37AE04B0B872}
		{03E3E996-119D-45D4-B99E-23682344FC07} = {32716955-BE95-4AF7-BF57-5B279ABD6442}
		{04F45C0E-9E41-4942-BEF7-8706832AEC76} = {72C3EAC7-BB86-4006-AF24-78AD226B9B27}
		{4C8D3F9D-5209-4C70-8DF6-32A5C4A98E4F} = {32716955-BE95-4AF7-BF57-5B279ABD6442}
		{9B3B1ACA-D655-4785-BF38-904E726815BB} = {7F510B4C-115E-46DE-B4DC-B7B985B05BDA}
	EndGlobalSection
	GlobalSection(ExtensibilityGlobals) = postSolution
		SolutionGuid = {764DB4B6-6A14-490B-B174-6FD583A586FB}
	EndGlobalSection
EndGlobal
